
Microsoft Visual Studio Solution File, Format Version 12.00
# Visual Studio Version 16
VisualStudioVersion = 16.0.30320.27
MinimumVisualStudioVersion = 10.0.40219.1
Project("{FAE04EC0-301F-11D3-BF4B-00C04F79EFBC}") = "excel-to-db", "excel-to-db\excel-to-db.csproj", "{A3E8DA6C-4B14-430F-922B-FBC47EFEF979}"
EndProject
Project("{9A19103F-16F7-4668-BE54-9A1E7A4F7556}") = "ExcelPresenter", "ExcelPresenter\ExcelPresenter.csproj", "{95621032-393C-4B74-9108-93CF0D705A87}"
EndProject
Project("{9A19103F-16F7-4668-BE54-9A1E7A4F7556}") = "ExcelWorker", "ExcelWorker\ExcelWorker.csproj", "{CDE0BBD8-5E98-47EE-B208-265926512C83}"
EndProject
Project("{FAE04EC0-301F-11D3-BF4B-00C04F79EFBC}") = "EntityDataContext", "EntityDataContext\EntityDataContext.csproj", "{F6387A47-0AA8-4C33-BA5E-1D0DD6D54057}"
EndProject
Global
	GlobalSection(SolutionConfigurationPlatforms) = preSolution
		Debug|Any CPU = Debug|Any CPU
		Release|Any CPU = Release|Any CPU
	EndGlobalSection
	GlobalSection(ProjectConfigurationPlatforms) = postSolution
		{A3E8DA6C-4B14-430F-922B-FBC47EFEF979}.Debug|Any CPU.ActiveCfg = Debug|Any CPU
		{A3E8DA6C-4B14-430F-922B-FBC47EFEF979}.Debug|Any CPU.Build.0 = Debug|Any CPU
		{A3E8DA6C-4B14-430F-922B-FBC47EFEF979}.Release|Any CPU.ActiveCfg = Release|Any CPU
		{A3E8DA6C-4B14-430F-922B-FBC47EFEF979}.Release|Any CPU.Build.0 = Release|Any CPU
		{95621032-393C-4B74-9108-93CF0D705A87}.Debug|Any CPU.ActiveCfg = Debug|Any CPU
		{95621032-393C-4B74-9108-93CF0D705A87}.Debug|Any CPU.Build.0 = Debug|Any CPU
		{95621032-393C-4B74-9108-93CF0D705A87}.Release|Any CPU.ActiveCfg = Release|Any CPU
		{95621032-393C-4B74-9108-93CF0D705A87}.Release|Any CPU.Build.0 = Release|Any CPU
		{CDE0BBD8-5E98-47EE-B208-265926512C83}.Debug|Any CPU.ActiveCfg = Debug|Any CPU
		{CDE0BBD8-5E98-47EE-B208-265926512C83}.Debug|Any CPU.Build.0 = Debug|Any CPU
		{CDE0BBD8-5E98-47EE-B208-265926512C83}.Release|Any CPU.ActiveCfg = Release|Any CPU
		{CDE0BBD8-5E98-47EE-B208-265926512C83}.Release|Any CPU.Build.0 = Release|Any CPU
		{F6387A47-0AA8-4C33-BA5E-1D0DD6D54057}.Debug|Any CPU.ActiveCfg = Debug|Any CPU
		{F6387A47-0AA8-4C33-BA5E-1D0DD6D54057}.Debug|Any CPU.Build.0 = Debug|Any CPU
		{F6387A47-0AA8-4C33-BA5E-1D0DD6D54057}.Release|Any CPU.ActiveCfg = Release|Any CPU
		{F6387A47-0AA8-4C33-BA5E-1D0DD6D54057}.Release|Any CPU.Build.0 = Release|Any CPU
	EndGlobalSection
	GlobalSection(SolutionProperties) = preSolution
		HideSolutionNode = FALSE
	EndGlobalSection
	GlobalSection(ExtensibilityGlobals) = postSolution
		SolutionGuid = {BF4059FC-C3B3-4908-BFAA-B6B6B98DAA3F}
	EndGlobalSection
EndGlobal
